
Microsoft Visual Studio Solution File, Format Version 12.00
# Visual Studio Version 17
VisualStudioVersion = 17.8.34330.188
MinimumVisualStudioVersion = 10.0.40219.1
Project("{9A19103F-16F7-4668-BE54-9A1E7A4F7556}") = "Assignment", "Assignment\Assignment.csproj", "{B1AC0018-AD59-411A-A791-D071CB700246}"
EndProject
Project("{9A19103F-16F7-4668-BE54-9A1E7A4F7556}") = "Assignment.DAL", "Assignment.DAL\Assignment.DAL.csproj", "{A096393A-E629-4D7F-99CD-B0255126E2BC}"
EndProject
Project("{9A19103F-16F7-4668-BE54-9A1E7A4F7556}") = "Assignment.BAL", "Assignment.BAL\Assignment.BAL.csproj", "{D1AEA277-DD9A-480F-969D-266861BAEF23}"
EndProject
Global
	GlobalSection(SolutionConfigurationPlatforms) = preSolution
		Debug|Any CPU = Debug|Any CPU
		Release|Any CPU = Release|Any CPU
	EndGlobalSection
	GlobalSection(ProjectConfigurationPlatforms) = postSolution
		{B1AC0018-AD59-411A-A791-D071CB700246}.Debug|Any CPU.ActiveCfg = Debug|Any CPU
		{B1AC0018-AD59-411A-A791-D071CB700246}.Debug|Any CPU.Build.0 = Debug|Any CPU
		{B1AC0018-AD59-411A-A791-D071CB700246}.Release|Any CPU.ActiveCfg = Release|Any CPU
		{B1AC0018-AD59-411A-A791-D071CB700246}.Release|Any CPU.Build.0 = Release|Any CPU
		{A096393A-E629-4D7F-99CD-B0255126E2BC}.Debug|Any CPU.ActiveCfg = Debug|Any CPU
		{A096393A-E629-4D7F-99CD-B0255126E2BC}.Debug|Any CPU.Build.0 = Debug|Any CPU
		{A096393A-E629-4D7F-99CD-B0255126E2BC}.Release|Any CPU.ActiveCfg = Release|Any CPU
		{A096393A-E629-4D7F-99CD-B0255126E2BC}.Release|Any CPU.Build.0 = Release|Any CPU
		{D1AEA277-DD9A-480F-969D-266861BAEF23}.Debug|Any CPU.ActiveCfg = Debug|Any CPU
		{D1AEA277-DD9A-480F-969D-266861BAEF23}.Debug|Any CPU.Build.0 = Debug|Any CPU
		{D1AEA277-DD9A-480F-969D-266861BAEF23}.Release|Any CPU.ActiveCfg = Release|Any CPU
		{D1AEA277-DD9A-480F-969D-266861BAEF23}.Release|Any CPU.Build.0 = Release|Any CPU
	EndGlobalSection
	GlobalSection(SolutionProperties) = preSolution
		HideSolutionNode = FALSE
	EndGlobalSection
	GlobalSection(ExtensibilityGlobals) = postSolution
		SolutionGuid = {E3F4306E-6BD5-4AC2-B9D4-4DBD22CE22E2}
	EndGlobalSection
EndGlobal
